
Microsoft Visual Studio Solution File, Format Version 12.00
# Visual Studio Version 16
VisualStudioVersion = 16.0.30804.86
MinimumVisualStudioVersion = 10.0.40219.1
Project("{FAE04EC0-301F-11D3-BF4B-00C04F79EFBC}") = "practice", "practice\practice.csproj", "{1FFCCE9A-38EA-443A-815C-04C27A952DEB}"
EndProject
Global
	GlobalSection(SolutionConfigurationPlatforms) = preSolution
		Debug|Any CPU = Debug|Any CPU
		Release|Any CPU = Release|Any CPU
	EndGlobalSection
	GlobalSection(ProjectConfigurationPlatforms) = postSolution
		{1FFCCE9A-38EA-443A-815C-04C27A952DEB}.Debug|Any CPU.ActiveCfg = Debug|Any CPU
		{1FFCCE9A-38EA-443A-815C-04C27A952DEB}.Debug|Any CPU.Build.0 = Debug|Any CPU
		{1FFCCE9A-38EA-443A-815C-04C27A952DEB}.Release|Any CPU.ActiveCfg = Release|Any CPU
		{1FFCCE9A-38EA-443A-815C-04C27A952DEB}.Release|Any CPU.Build.0 = Release|Any CPU
	EndGlobalSection
	GlobalSection(SolutionProperties) = preSolution
		HideSolutionNode = FALSE
	EndGlobalSection
	GlobalSection(ExtensibilityGlobals) = postSolution
		SolutionGuid = {B41CE488-3199-43B6-93FC-091C043F6071}
	EndGlobalSection
EndGlobal
